// !$*UTF8*$!
{
	archiveVersion = 1;
	classes = {
	};
	objectVersion = 50;
	objects = {

/* Begin PBXBuildFile section */
		F8E65DA0260C4AF80034DF95 /* AppDelegate.swift in Sources */ = {isa = PBXBuildFile; fileRef = F8E65D9F260C4AF80034DF95 /* AppDelegate.swift */; };
		F8E65DA2260C4AF80034DF95 /* SceneDelegate.swift in Sources */ = {isa = PBXBuildFile; fileRef = F8E65DA1260C4AF80034DF95 /* SceneDelegate.swift */; };
		F8E65DA4260C4AF80034DF95 /* ViewController.swift in Sources */ = {isa = PBXBuildFile; fileRef = F8E65DA3260C4AF80034DF95 /* ViewController.swift */; };
		F8E65DA7260C4AF80034DF95 /* Main.storyboard in Resources */ = {isa = PBXBuildFile; fileRef = F8E65DA5260C4AF80034DF95 /* Main.storyboard */; };
		F8E65DA9260C4AF90034DF95 /* Assets.xcassets in Resources */ = {isa = PBXBuildFile; fileRef = F8E65DA8260C4AF90034DF95 /* Assets.xcassets */; };
		F8E65DAC260C4AF90034DF95 /* LaunchScreen.storyboard in Resources */ = {isa = PBXBuildFile; fileRef = F8E65DAA260C4AF90034DF95 /* LaunchScreen.storyboard */; };
/* End PBXBuildFile section */

/* Begin PBXFileReference section */
		F8E65D9C260C4AF80034DF95 /* searchControllerTutorial-iOS.app */ = {isa = PBXFileReference; explicitFileType = wrapper.application; includeInIndex = 0; path = "searchControllerTutorial-iOS.app"; sourceTree = BUILT_PRODUCTS_DIR; };
		F8E65D9F260C4AF80034DF95 /* AppDelegate.swift */ = {isa = PBXFileReference; lastKnownFileType = sourcecode.swift; path = AppDelegate.swift; sourceTree = "<group>"; };
		F8E65DA1260C4AF80034DF95 /* SceneDelegate.swift */ = {isa = PBXFileReference; lastKnownFileType = sourcecode.swift; path = SceneDelegate.swift; sourceTree = "<group>"; };
		F8E65DA3260C4AF80034DF95 /* ViewController.swift */ = {isa = PBXFileReference; lastKnownFileType = sourcecode.swift; path = ViewController.swift; sourceTree = "<group>"; };
		F8E65DA6260C4AF80034DF95 /* Base */ = {isa = PBXFileReference; lastKnownFileType = file.storyboard; name = Base; path = Base.lproj/Main.storyboard; sourceTree = "<group>"; };
		F8E65DA8260C4AF90034DF95 /* Assets.xcassets */ = {isa = PBXFileReference; lastKnownFileType = folder.assetcatalog; path = Assets.xcassets; sourceTree = "<group>"; };
		F8E65DAB260C4AF90034DF95 /* Base */ = {isa = PBXFileReference; lastKnownFileType = file.storyboard; name = Base; path = Base.lproj/LaunchScreen.storyboard; sourceTree = "<group>"; };
		F8E65DAD260C4AF90034DF95 /* Info.plist */ = {isa = PBXFileReference; lastKnownFileType = text.plist.xml; path = Info.plist; sourceTree = "<group>"; };
/* End PBXFileReference section */

/* Begin PBXFrameworksBuildPhase section */
		F8E65D99260C4AF80034DF95 /* Frameworks */ = {
			isa = PBXFrameworksBuildPhase;
			buildActionMask = 2147483647;
			files = (
			);
			runOnlyForDeploymentPostprocessing = 0;
		};
/* End PBXFrameworksBuildPhase section */

/* Begin PBXGroup section */
		F8E65D93260C4AF80034DF95 = {
			isa = PBXGroup;
			children = (
				F8E65D9E260C4AF80034DF95 /* searchControllerTutorial-iOS */,
				F8E65D9D260C4AF80034DF95 /* Products */,
			);
			sourceTree = "<group>";
		};
		F8E65D9D260C4AF80034DF95 /* Products */ = {
			isa = PBXGroup;
			children = (
				F8E65D9C260C4AF80034DF95 /* searchControllerTutorial-iOS.app */,
			);
			name = Products;
			sourceTree = "<group>";
		};
		F8E65D9E260C4AF80034DF95 /* searchControllerTutorial-iOS */ = {
			isa = PBXGroup;
			children = (
				F8E65D9F260C4AF80034DF95 /* AppDelegate.swift */,
				F8E65DA1260C4AF80034DF95 /* SceneDelegate.swift */,
				F8E65DA3260C4AF80034DF95 /* ViewController.swift */,
				F8E65DA5260C4AF80034DF95 /* Main.storyboard */,
				F8E65DA8260C4AF90034DF95 /* Assets.xcassets */,
				F8E65DAA260C4AF90034DF95 /* LaunchScreen.storyboard */,
				F8E65DAD260C4AF90034DF95 /* Info.plist */,
			);
			path = "searchControllerTutorial-iOS";
			sourceTree = "<group>";
		};
/* End PBXGroup section */

/* Begin PBXNativeTarget section */
		F8E65D9B260C4AF80034DF95 /* searchControllerTutorial-iOS */ = {
			isa = PBXNativeTarget;
			buildConfigurationList = F8E65DB0260C4AF90034DF95 /* Build configuration list for PBXNativeTarget "searchControllerTutorial-iOS" */;
			buildPhases = (
				F8E65D98260C4AF80034DF95 /* Sources */,
				F8E65D99260C4AF80034DF95 /* Frameworks */,
				F8E65D9A260C4AF80034DF95 /* Resources */,
			);
			buildRules = (
			);
			dependencies = (
			);
			name = "searchControllerTutorial-iOS";
			productName = "searchControllerTutorial-iOS";
			productReference = F8E65D9C260C4AF80034DF95 /* searchControllerTutorial-iOS.app */;
			productType = "com.apple.product-type.application";
		};
/* End PBXNativeTarget section */

/* Begin PBXProject section */
		F8E65D94260C4AF80034DF95 /* Project object */ = {
			isa = PBXProject;
			attributes = {
				LastSwiftUpdateCheck = 1240;
				LastUpgradeCheck = 1240;
				TargetAttributes = {
					F8E65D9B260C4AF80034DF95 = {
						CreatedOnToolsVersion = 12.4;
					};
				};
			};
			buildConfigurationList = F8E65D97260C4AF80034DF95 /* Build configuration list for PBXProject "searchControllerTutorial-iOS" */;
			compatibilityVersion = "Xcode 9.3";
			developmentRegion = en;
			hasScannedForEncodings = 0;
			knownRegions = (
				en,
				Base,
			);
			mainGroup = F8E65D93260C4AF80034DF95;
			productRefGroup = F8E65D9D260C4AF80034DF95 /* Products */;
			projectDirPath = "";
			projectRoot = "";
			targets = (
				F8E65D9B260C4AF80034DF95 /* searchControllerTutorial-iOS */,
			);
		};
/* End PBXProject section */

/* Begin PBXResourcesBuildPhase section */
		F8E65D9A260C4AF80034DF95 /* Resources */ = {
			isa = PBXResourcesBuildPhase;
			buildActionMask = 2147483647;
			files = (
				F8E65DAC260C4AF90034DF95 /* LaunchScreen.storyboard in Resources */,
				F8E65DA9260C4AF90034DF95 /* Assets.xcassets in Resources */,
				F8E65DA7260C4AF80034DF95 /* Main.storyboard in Resources */,
			);
			runOnlyForDeploymentPostprocessing = 0;
		};
/* End PBXResourcesBuildPhase section */

/* Begin PBXSourcesBuildPhase section */
		F8E65D98260C4AF80034DF95 /* Sources */ = {
			isa = PBXSourcesBuildPhase;
			buildActionMask = 2147483647;
			files = (
				F8E65DA4260C4AF80034DF95 /* ViewController.swift in Sources */,
				F8E65DA0260C4AF80034DF95 /* AppDelegate.swift in Sources */,
				F8E65DA2260C4AF80034DF95 /* SceneDelegate.swift in Sources */,
			);
			runOnlyForDeploymentPostprocessing = 0;
		};
/* End PBXSourcesBuildPhase section */

/* Begin PBXVariantGroup section */
		F8E65DA5260C4AF80034DF95 /* Main.storyboard */ = {
			isa = PBXVariantGroup;
			children = (
				F8E65DA6260C4AF80034DF95 /* Base */,
			);
			name = Main.storyboard;
			sourceTree = "<group>";
		};
		F8E65DAA260C4AF90034DF95 /* LaunchScreen.storyboard */ = {
			isa = PBXVariantGroup;
			children = (
				F8E65DAB260C4AF90034DF95 /* Base */,
			);
			name = LaunchScreen.storyboard;
			sourceTree = "<group>";
		};
/* End PBXVariantGroup section */

/* Begin XCBuildConfiguration section */
		F8E65DAE260C4AF90034DF95 /* Debug */ = {
			isa = XCBuildConfiguration;
			buildSettings = {
				ALWAYS_SEARCH_USER_PATHS = NO;
				CLANG_ANALYZER_NONNULL = YES;
				CLANG_ANALYZER_NUMBER_OBJECT_CONVERSION = YES_AGGRESSIVE;
				CLANG_CXX_LANGUAGE_STANDARD = "gnu++14";
				CLANG_CXX_LIBRARY = "libc++";
				CLANG_ENABLE_MODULES = YES;
				CLANG_ENABLE_OBJC_ARC = YES;
				CLANG_ENABLE_OBJC_WEAK = YES;
				CLANG_WARN_BLOCK_CAPTURE_AUTORELEASING = YES;
				CLANG_WARN_BOOL_CONVERSION = YES;
				CLANG_WARN_COMMA = YES;
				CLANG_WARN_CONSTANT_CONVERSION = YES;
				CLANG_WARN_DEPRECATED_OBJC_IMPLEMENTATIONS = YES;
				CLANG_WARN_DIRECT_OBJC_ISA_USAGE = YES_ERROR;
				CLANG_WARN_DOCUMENTATION_COMMENTS = YES;
				CLANG_WARN_EMPTY_BODY = YES;
				CLANG_WARN_ENUM_CONVERSION = YES;
				CLANG_WARN_INFINITE_RECURSION = YES;
				CLANG_WARN_INT_CONVERSION = YES;
				CLANG_WARN_NON_LITERAL_NULL_CONVERSION = YES;
				CLANG_WARN_OBJC_IMPLICIT_RETAIN_SELF = YES;
				CLANG_WARN_OBJC_LITERAL_CONVERSION = YES;
				CLANG_WARN_OBJC_ROOT_CLASS = YES_ERROR;
				CLANG_WARN_QUOTED_INCLUDE_IN_FRAMEWORK_HEADER = YES;
				CLANG_WARN_RANGE_LOOP_ANALYSIS = YES;
				CLANG_WARN_STRICT_PROTOTYPES = YES;
				CLANG_WARN_SUSPICIOUS_MOVE = YES;
				CLANG_WARN_UNGUARDED_AVAILABILITY = YES_AGGRESSIVE;
				CLANG_WARN_UNREACHABLE_CODE = YES;
				CLANG_WARN__DUPLICATE_METHOD_MATCH = YES;
				COPY_PHASE_STRIP = NO;
				DEBUG_INFORMATION_FORMAT = dwarf;
				ENABLE_STRICT_OBJC_MSGSEND = YES;
				ENABLE_TESTABILITY = YES;
				GCC_C_LANGUAGE_STANDARD = gnu11;
				GCC_DYNAMIC_NO_PIC = NO;
				GCC_NO_COMMON_BLOCKS = YES;
				GCC_OPTIMIZATION_LEVEL = 0;
				GCC_PREPROCESSOR_DEFINITIONS = (
					"DEBUG=1",
					"$(inherited)",
				);
				GCC_WARN_64_TO_32_BIT_CONVERSION = YES;
				GCC_WARN_ABOUT_RETURN_TYPE = YES_ERROR;
				GCC_WARN_UNDECLARED_SELECTOR = YES;
				GCC_WARN_UNINITIALIZED_AUTOS = YES_AGGRESSIVE;
				GCC_WARN_UNUSED_FUNCTION = YES;
				GCC_WARN_UNUSED_VARIABLE = YES;
				IPHONEOS_DEPLOYMENT_TARGET = 14.4;
				MTL_ENABLE_DEBUG_INFO = INCLUDE_SOURCE;
				MTL_FAST_MATH = YES;
				ONLY_ACTIVE_ARCH = YES;
				SDKROOT = iphoneos;
				SWIFT_ACTIVE_COMPILATION_CONDITIONS = DEBUG;
				SWIFT_OPTIMIZATION_LEVEL = "-Onone";
			};
			name = Debug;
		};
		F8E65DAF260C4AF90034DF95 /* Release */ = {
			isa = XCBuildConfiguration;
			buildSettings = {
				ALWAYS_SEARCH_USER_PATHS = NO;
				CLANG_ANALYZER_NONNULL = YES;
				CLANG_ANALYZER_NUMBER_OBJECT_CONVERSION = YES_AGGRESSIVE;
				CLANG_CXX_LANGUAGE_STANDARD = "gnu++14";
				CLANG_CXX_LIBRARY = "libc++";
				CLANG_ENABLE_MODULES = YES;
				CLANG_ENABLE_OBJC_ARC = YES;
				CLANG_ENABLE_OBJC_WEAK = YES;
				CLANG_WARN_BLOCK_CAPTURE_AUTORELEASING = YES;
				CLANG_WARN_BOOL_CONVERSION = YES;
				CLANG_WARN_COMMA = YES;
				CLANG_WARN_CONSTANT_CONVERSION = YES;
				CLANG_WARN_DEPRECATED_OBJC_IMPLEMENTATIONS = YES;
				CLANG_WARN_DIRECT_OBJC_ISA_USAGE = YES_ERROR;
				CLANG_WARN_DOCUMENTATION_COMMENTS = YES;
				CLANG_WARN_EMPTY_BODY = YES;
				CLANG_WARN_ENUM_CONVERSION = YES;
				CLANG_WARN_INFINITE_RECURSION = YES;
				CLANG_WARN_INT_CONVERSION = YES;
				CLANG_WARN_NON_LITERAL_NULL_CONVERSION = YES;
				CLANG_WARN_OBJC_IMPLICIT_RETAIN_SELF = YES;
				CLANG_WARN_OBJC_LITERAL_CONVERSION = YES;
				CLANG_WARN_OBJC_ROOT_CLASS = YES_ERROR;
				CLANG_WARN_QUOTED_INCLUDE_IN_FRAMEWORK_HEADER = YES;
				CLANG_WARN_RANGE_LOOP_ANALYSIS = YES;
				CLANG_WARN_STRICT_PROTOTYPES = YES;
				CLANG_WARN_SUSPICIOUS_MOVE = YES;
				CLANG_WARN_UNGUARDED_AVAILABILITY = YES_AGGRESSIVE;
				CLANG_WARN_UNREACHABLE_CODE = YES;
				CLANG_WARN__DUPLICATE_METHOD_MATCH = YES;
				COPY_PHASE_STRIP = NO;
				DEBUG_INFORMATION_FORMAT = "dwarf-with-dsym";
				ENABLE_NS_ASSERTIONS = NO;
				ENABLE_STRICT_OBJC_MSGSEND = YES;
				GCC_C_LANGUAGE_STANDARD = gnu11;
				GCC_NO_COMMON_BLOCKS = YES;
				GCC_WARN_64_TO_32_BIT_CONVERSION = YES;
				GCC_WARN_ABOUT_RETURN_TYPE = YES_ERROR;
				GCC_WARN_UNDECLARED_SELECTOR = YES;
				GCC_WARN_UNINITIALIZED_AUTOS = YES_AGGRESSIVE;
				GCC_WARN_UNUSED_FUNCTION = YES;
				GCC_WARN_UNUSED_VARIABLE = YES;
				IPHONEOS_DEPLOYMENT_TARGET = 14.4;
				MTL_ENABLE_DEBUG_INFO = NO;
				MTL_FAST_MATH = YES;
				SDKROOT = iphoneos;
				SWIFT_COMPILATION_MODE = wholemodule;
				SWIFT_OPTIMIZATION_LEVEL = "-O";
				VALIDATE_PRODUCT = YES;
			};
			name = Release;
		};
		F8E65DB1260C4AF90034DF95 /* Debug */ = {
			isa = XCBuildConfiguration;
			buildSettings = {
				ASSETCATALOG_COMPILER_APPICON_NAME = AppIcon;
				ASSETCATALOG_COMPILER_GLOBAL_ACCENT_COLOR_NAME = AccentColor;
				CODE_SIGN_STYLE = Automatic;
				DEVELOPMENT_TEAM = T8C9SSEX5G;
				INFOPLIST_FILE = "searchControllerTutorial-iOS/Info.plist";
				LD_RUNPATH_SEARCH_PATHS = (
					"$(inherited)",
					"@executable_path/Frameworks",
				);
				PRODUCT_BUNDLE_IDENTIFIER = "hyun99999.searchControllerTutorial-iOS";
				PRODUCT_NAME = "$(TARGET_NAME)";
				SWIFT_VERSION = 5.0;
				TARGETED_DEVICE_FAMILY = "1,2";
			};
			name = Debug;
		};
		F8E65DB2260C4AF90034DF95 /* Release */ = {
			isa = XCBuildConfiguration;
			buildSettings = {
				ASSETCATALOG_COMPILER_APPICON_NAME = AppIcon;
				ASSETCATALOG_COMPILER_GLOBAL_ACCENT_COLOR_NAME = AccentColor;
				CODE_SIGN_STYLE = Automatic;
				DEVELOPMENT_TEAM = T8C9SSEX5G;
				INFOPLIST_FILE = "searchControllerTutorial-iOS/Info.plist";
				LD_RUNPATH_SEARCH_PATHS = (
					"$(inherited)",
					"@executable_path/Frameworks",
				);
				PRODUCT_BUNDLE_IDENTIFIER = "hyun99999.searchControllerTutorial-iOS";
				PRODUCT_NAME = "$(TARGET_NAME)";
				SWIFT_VERSION = 5.0;
				TARGETED_DEVICE_FAMILY = "1,2";
			};
			name = Release;
		};
/* End XCBuildConfiguration section */

/* Begin XCConfigurationList section */
		F8E65D97260C4AF80034DF95 /* Build configuration list for PBXProject "searchControllerTutorial-iOS" */ = {
			isa = XCConfigurationList;
			buildConfigurations = (
				F8E65DAE260C4AF90034DF95 /* Debug */,
				F8E65DAF260C4AF90034DF95 /* Release */,
			);
			defaultConfigurationIsVisible = 0;
			defaultConfigurationName = Release;
		};
		F8E65DB0260C4AF90034DF95 /* Build configuration list for PBXNativeTarget "searchControllerTutorial-iOS" */ = {
			isa = XCConfigurationList;
			buildConfigurations = (
				F8E65DB1260C4AF90034DF95 /* Debug */,
				F8E65DB2260C4AF90034DF95 /* Release */,
			);
			defaultConfigurationIsVisible = 0;
			defaultConfigurationName = Release;
		};
/* End XCConfigurationList section */
	};
	rootObject = F8E65D94260C4AF80034DF95 /* Project object */;
}
